
Microsoft Visual Studio Solution File, Format Version 12.00
# Visual Studio Version 16
VisualStudioVersion = 16.0.33027.164
MinimumVisualStudioVersion = 10.0.40219.1
Project("{FAE04EC0-301F-11D3-BF4B-00C04F79EFBC}") = "Prac_Contact_Directory", "Prac_Contact_Directory\Prac_Contact_Directory.csproj", "{2A135C21-9A79-4702-8459-3A834103DBDD}"
EndProject
Global
	GlobalSection(SolutionConfigurationPlatforms) = preSolution
		Debug|Any CPU = Debug|Any CPU
		Release|Any CPU = Release|Any CPU
	EndGlobalSection
	GlobalSection(ProjectConfigurationPlatforms) = postSolution
		{2A135C21-9A79-4702-8459-3A834103DBDD}.Debug|Any CPU.ActiveCfg = Debug|Any CPU
		{2A135C21-9A79-4702-8459-3A834103DBDD}.Debug|Any CPU.Build.0 = Debug|Any CPU
		{2A135C21-9A79-4702-8459-3A834103DBDD}.Release|Any CPU.ActiveCfg = Release|Any CPU
		{2A135C21-9A79-4702-8459-3A834103DBDD}.Release|Any CPU.Build.0 = Release|Any CPU
	EndGlobalSection
	GlobalSection(SolutionProperties) = preSolution
		HideSolutionNode = FALSE
	EndGlobalSection
	GlobalSection(ExtensibilityGlobals) = postSolution
		SolutionGuid = {B8E55902-F425-43AE-B65A-3BE5A77EC628}
	EndGlobalSection
EndGlobal
